
Microsoft Visual Studio Solution File, Format Version 12.00
# Visual Studio 2013
VisualStudioVersion = 12.0.30324.0
MinimumVisualStudioVersion = 10.0.40219.1
Project("{F2A71F9B-5D33-465A-A702-920D77279786}") = "JumpJumpBunnyLogic", "JumpJumpBunnyLogic.fsproj", "{262CA435-1ACC-4EDE-BC7B-B6753BD5D826}"
EndProject
Project("{FAE04EC0-301F-11D3-BF4B-00C04F79EFBC}") = "JumpJumpBunnyTest", "JumpJumpBunnyTest\JumpJumpBunnyTest.csproj", "{4C414D86-D33A-40A3-BC5E-1D8B0EB023E4}"
EndProject
Global
	GlobalSection(SolutionConfigurationPlatforms) = preSolution
		Debug|Any CPU = Debug|Any CPU
		Release|Any CPU = Release|Any CPU
	EndGlobalSection
	GlobalSection(ProjectConfigurationPlatforms) = postSolution
		{262CA435-1ACC-4EDE-BC7B-B6753BD5D826}.Debug|Any CPU.ActiveCfg = Debug|Any CPU
		{262CA435-1ACC-4EDE-BC7B-B6753BD5D826}.Debug|Any CPU.Build.0 = Debug|Any CPU
		{262CA435-1ACC-4EDE-BC7B-B6753BD5D826}.Release|Any CPU.ActiveCfg = Release|Any CPU
		{262CA435-1ACC-4EDE-BC7B-B6753BD5D826}.Release|Any CPU.Build.0 = Release|Any CPU
		{4C414D86-D33A-40A3-BC5E-1D8B0EB023E4}.Debug|Any CPU.ActiveCfg = Debug|Any CPU
		{4C414D86-D33A-40A3-BC5E-1D8B0EB023E4}.Debug|Any CPU.Build.0 = Debug|Any CPU
		{4C414D86-D33A-40A3-BC5E-1D8B0EB023E4}.Release|Any CPU.ActiveCfg = Release|Any CPU
		{4C414D86-D33A-40A3-BC5E-1D8B0EB023E4}.Release|Any CPU.Build.0 = Release|Any CPU
	EndGlobalSection
	GlobalSection(SolutionProperties) = preSolution
		HideSolutionNode = FALSE
	EndGlobalSection
EndGlobal
